
Microsoft Visual Studio Solution File, Format Version 12.00
# Visual Studio Version 17
VisualStudioVersion = 17.1.32421.90
MinimumVisualStudioVersion = 10.0.40219.1
Project("{FAE04EC0-301F-11D3-BF4B-00C04F79EFBC}") = "ComputerOnlineShop", "ComputerOnlineShop\ComputerOnlineShop.csproj", "{249C3FB0-BE7E-46EA-AB39-A46E70E5B604}"
EndProject
Global
	GlobalSection(SolutionConfigurationPlatforms) = preSolution
		Debug|Any CPU = Debug|Any CPU
		Release|Any CPU = Release|Any CPU
	EndGlobalSection
	GlobalSection(ProjectConfigurationPlatforms) = postSolution
		{249C3FB0-BE7E-46EA-AB39-A46E70E5B604}.Debug|Any CPU.ActiveCfg = Debug|Any CPU
		{249C3FB0-BE7E-46EA-AB39-A46E70E5B604}.Debug|Any CPU.Build.0 = Debug|Any CPU
		{249C3FB0-BE7E-46EA-AB39-A46E70E5B604}.Release|Any CPU.ActiveCfg = Release|Any CPU
		{249C3FB0-BE7E-46EA-AB39-A46E70E5B604}.Release|Any CPU.Build.0 = Release|Any CPU
	EndGlobalSection
	GlobalSection(SolutionProperties) = preSolution
		HideSolutionNode = FALSE
	EndGlobalSection
	GlobalSection(ExtensibilityGlobals) = postSolution
		SolutionGuid = {CD4B93FF-70E6-47EA-BF92-39DC005D3B0D}
	EndGlobalSection
EndGlobal
